// !$*UTF8*$!
{
	archiveVersion = 1;
	classes = {
	};
	objectVersion = 52;
	objects = {

/* Begin PBXBuildFile section */
		D13961FD253E8B8C005CE54D /* Data.swift in Sources */ = {isa = PBXBuildFile; fileRef = D13961FC253E8B8C005CE54D /* Data.swift */; };
		D13B9A9C253BC90600577263 /* Logo.swift in Sources */ = {isa = PBXBuildFile; fileRef = D13B9A9B253BC90500577263 /* Logo.swift */; };
		D13B9A9E253BC9F600577263 /* playSound.swift in Sources */ = {isa = PBXBuildFile; fileRef = D13B9A9D253BC9F600577263 /* playSound.swift */; };
		D13CCAB4253A775E001C8223 /* AppDelegate.swift in Sources */ = {isa = PBXBuildFile; fileRef = D13CCAB3253A775E001C8223 /* AppDelegate.swift */; };
		D13CCAB6253A775E001C8223 /* SceneDelegate.swift in Sources */ = {isa = PBXBuildFile; fileRef = D13CCAB5253A775E001C8223 /* SceneDelegate.swift */; };
		D13CCAB8253A775E001C8223 /* ContentView.swift in Sources */ = {isa = PBXBuildFile; fileRef = D13CCAB7253A775E001C8223 /* ContentView.swift */; };
		D13CCABA253A7763001C8223 /* Assets.xcassets in Resources */ = {isa = PBXBuildFile; fileRef = D13CCAB9253A7763001C8223 /* Assets.xcassets */; };
		D13CCABD253A7763001C8223 /* Preview Assets.xcassets in Resources */ = {isa = PBXBuildFile; fileRef = D13CCABC253A7763001C8223 /* Preview Assets.xcassets */; };
		D13CCAC0253A7763001C8223 /* LaunchScreen.storyboard in Resources */ = {isa = PBXBuildFile; fileRef = D13CCABE253A7763001C8223 /* LaunchScreen.storyboard */; };
		D166D147253BE00900973E39 /* Screen.swift in Sources */ = {isa = PBXBuildFile; fileRef = D166D146253BE00800973E39 /* Screen.swift */; };
		D166D14B253BE04800973E39 /* DataManager.swift in Sources */ = {isa = PBXBuildFile; fileRef = D166D14A253BE04800973E39 /* DataManager.swift */; };
		D166D14E253BE0BB00973E39 /* XMLCoder in Frameworks */ = {isa = PBXBuildFile; productRef = D166D14D253BE0BB00973E39 /* XMLCoder */; };
		D166D150253BE1A100973E39 /* SwiftUIApp.swift in Sources */ = {isa = PBXBuildFile; fileRef = D166D14F253BE1A100973E39 /* SwiftUIApp.swift */; };
		D1B7ED7F253E7026004EA8E1 /* About.swift in Sources */ = {isa = PBXBuildFile; fileRef = D1B7ED7E253E7026004EA8E1 /* About.swift */; };
		D1B7ED81253E7064004EA8E1 /* Help.swift in Sources */ = {isa = PBXBuildFile; fileRef = D1B7ED80253E7064004EA8E1 /* Help.swift */; };
		D1E6768A253BCF8C00820E83 /* level-completed.mp3 in Resources */ = {isa = PBXBuildFile; fileRef = D1E67689253BCF8C00820E83 /* level-completed.mp3 */; };
/* End PBXBuildFile section */

/* Begin PBXFileReference section */
		D13961FC253E8B8C005CE54D /* Data.swift */ = {isa = PBXFileReference; lastKnownFileType = sourcecode.swift; path = Data.swift; sourceTree = "<group>"; };
		D13B9A9B253BC90500577263 /* Logo.swift */ = {isa = PBXFileReference; fileEncoding = 4; lastKnownFileType = sourcecode.swift; path = Logo.swift; sourceTree = "<group>"; };
		D13B9A9D253BC9F600577263 /* playSound.swift */ = {isa = PBXFileReference; lastKnownFileType = sourcecode.swift; path = playSound.swift; sourceTree = "<group>"; };
		D13CCAB0253A775E001C8223 /* GenE_rz.app */ = {isa = PBXFileReference; explicitFileType = wrapper.application; includeInIndex = 0; path = GenE_rz.app; sourceTree = BUILT_PRODUCTS_DIR; };
		D13CCAB3253A775E001C8223 /* AppDelegate.swift */ = {isa = PBXFileReference; lastKnownFileType = sourcecode.swift; path = AppDelegate.swift; sourceTree = "<group>"; };
		D13CCAB5253A775E001C8223 /* SceneDelegate.swift */ = {isa = PBXFileReference; lastKnownFileType = sourcecode.swift; path = SceneDelegate.swift; sourceTree = "<group>"; };
		D13CCAB7253A775E001C8223 /* ContentView.swift */ = {isa = PBXFileReference; lastKnownFileType = sourcecode.swift; path = ContentView.swift; sourceTree = "<group>"; };
		D13CCAB9253A7763001C8223 /* Assets.xcassets */ = {isa = PBXFileReference; lastKnownFileType = folder.assetcatalog; path = Assets.xcassets; sourceTree = "<group>"; };
		D13CCABC253A7763001C8223 /* Preview Assets.xcassets */ = {isa = PBXFileReference; lastKnownFileType = folder.assetcatalog; path = "Preview Assets.xcassets"; sourceTree = "<group>"; };
		D13CCABF253A7763001C8223 /* Base */ = {isa = PBXFileReference; lastKnownFileType = file.storyboard; name = Base; path = Base.lproj/LaunchScreen.storyboard; sourceTree = "<group>"; };
		D13CCAC1253A7763001C8223 /* Info.plist */ = {isa = PBXFileReference; lastKnownFileType = text.plist.xml; path = Info.plist; sourceTree = "<group>"; };
		D166D146253BE00800973E39 /* Screen.swift */ = {isa = PBXFileReference; fileEncoding = 4; lastKnownFileType = sourcecode.swift; path = Screen.swift; sourceTree = "<group>"; };
		D166D14A253BE04800973E39 /* DataManager.swift */ = {isa = PBXFileReference; fileEncoding = 4; lastKnownFileType = sourcecode.swift; path = DataManager.swift; sourceTree = "<group>"; };
		D166D14F253BE1A100973E39 /* SwiftUIApp.swift */ = {isa = PBXFileReference; fileEncoding = 4; lastKnownFileType = sourcecode.swift; path = SwiftUIApp.swift; sourceTree = "<group>"; };
		D1B7ED7E253E7026004EA8E1 /* About.swift */ = {isa = PBXFileReference; lastKnownFileType = sourcecode.swift; path = About.swift; sourceTree = "<group>"; };
		D1B7ED80253E7064004EA8E1 /* Help.swift */ = {isa = PBXFileReference; lastKnownFileType = sourcecode.swift; path = Help.swift; sourceTree = "<group>"; };
		D1E67689253BCF8C00820E83 /* level-completed.mp3 */ = {isa = PBXFileReference; lastKnownFileType = audio.mp3; path = "level-completed.mp3"; sourceTree = "<group>"; };
/* End PBXFileReference section */

/* Begin PBXFrameworksBuildPhase section */
		D13CCAAD253A775E001C8223 /* Frameworks */ = {
			isa = PBXFrameworksBuildPhase;
			buildActionMask = 2147483647;
			files = (
				D166D14E253BE0BB00973E39 /* XMLCoder in Frameworks */,
			);
			runOnlyForDeploymentPostprocessing = 0;
		};
/* End PBXFrameworksBuildPhase section */

/* Begin PBXGroup section */
		D13CCAA7253A775E001C8223 = {
			isa = PBXGroup;
			children = (
				D13CCAB2253A775E001C8223 /* GenE_rz */,
				D13CCAB1253A775E001C8223 /* Products */,
			);
			sourceTree = "<group>";
		};
		D13CCAB1253A775E001C8223 /* Products */ = {
			isa = PBXGroup;
			children = (
				D13CCAB0253A775E001C8223 /* GenE_rz.app */,
			);
			name = Products;
			sourceTree = "<group>";
		};
		D13CCAB2253A775E001C8223 /* GenE_rz */ = {
			isa = PBXGroup;
			children = (
				D13CCAB3253A775E001C8223 /* AppDelegate.swift */,
				D13CCAB5253A775E001C8223 /* SceneDelegate.swift */,
				D1E67689253BCF8C00820E83 /* level-completed.mp3 */,
				D13CCAB7253A775E001C8223 /* ContentView.swift */,
				D13B9A9B253BC90500577263 /* Logo.swift */,
				D13B9A9D253BC9F600577263 /* playSound.swift */,
				D1B7ED7E253E7026004EA8E1 /* About.swift */,
				D13961FC253E8B8C005CE54D /* Data.swift */,
				D1B7ED80253E7064004EA8E1 /* Help.swift */,
				D13CCAB9253A7763001C8223 /* Assets.xcassets */,
				D13CCABE253A7763001C8223 /* LaunchScreen.storyboard */,
				D13CCAC1253A7763001C8223 /* Info.plist */,
				D166D14F253BE1A100973E39 /* SwiftUIApp.swift */,
				D166D146253BE00800973E39 /* Screen.swift */,
				D166D14A253BE04800973E39 /* DataManager.swift */,
				D13CCABB253A7763001C8223 /* Preview Content */,
			);
			path = GenE_rz;
			sourceTree = "<group>";
		};
		D13CCABB253A7763001C8223 /* Preview Content */ = {
			isa = PBXGroup;
			children = (
				D13CCABC253A7763001C8223 /* Preview Assets.xcassets */,
			);
			path = "Preview Content";
			sourceTree = "<group>";
		};
/* End PBXGroup section */

/* Begin PBXNativeTarget section */
		D13CCAAF253A775E001C8223 /* GenE_rz */ = {
			isa = PBXNativeTarget;
			buildConfigurationList = D13CCAC4253A7763001C8223 /* Build configuration list for PBXNativeTarget "GenE_rz" */;
			buildPhases = (
				D13CCAAC253A775E001C8223 /* Sources */,
				D13CCAAD253A775E001C8223 /* Frameworks */,
				D13CCAAE253A775E001C8223 /* Resources */,
			);
			buildRules = (
			);
			dependencies = (
			);
			name = GenE_rz;
			packageProductDependencies = (
				D166D14D253BE0BB00973E39 /* XMLCoder */,
			);
			productName = GenE_rz;
			productReference = D13CCAB0253A775E001C8223 /* GenE_rz.app */;
			productType = "com.apple.product-type.application";
		};
/* End PBXNativeTarget section */

/* Begin PBXProject section */
		D13CCAA8253A775E001C8223 /* Project object */ = {
			isa = PBXProject;
			attributes = {
				LastSwiftUpdateCheck = 1160;
				LastUpgradeCheck = 1160;
				ORGANIZATIONNAME = Group3b;
				TargetAttributes = {
					D13CCAAF253A775E001C8223 = {
						CreatedOnToolsVersion = 11.6;
					};
				};
			};
			buildConfigurationList = D13CCAAB253A775E001C8223 /* Build configuration list for PBXProject "GenE_rz" */;
			compatibilityVersion = "Xcode 9.3";
			developmentRegion = en;
			hasScannedForEncodings = 0;
			knownRegions = (
				en,
				Base,
			);
			mainGroup = D13CCAA7253A775E001C8223;
			packageReferences = (
				D166D14C253BE0BB00973E39 /* XCRemoteSwiftPackageReference "XMLCoder" */,
			);
			productRefGroup = D13CCAB1253A775E001C8223 /* Products */;
			projectDirPath = "";
			projectRoot = "";
			targets = (
				D13CCAAF253A775E001C8223 /* GenE_rz */,
			);
		};
/* End PBXProject section */

/* Begin PBXResourcesBuildPhase section */
		D13CCAAE253A775E001C8223 /* Resources */ = {
			isa = PBXResourcesBuildPhase;
			buildActionMask = 2147483647;
			files = (
				D13CCAC0253A7763001C8223 /* LaunchScreen.storyboard in Resources */,
				D13CCABD253A7763001C8223 /* Preview Assets.xcassets in Resources */,
				D13CCABA253A7763001C8223 /* Assets.xcassets in Resources */,
				D1E6768A253BCF8C00820E83 /* level-completed.mp3 in Resources */,
			);
			runOnlyForDeploymentPostprocessing = 0;
		};
/* End PBXResourcesBuildPhase section */

/* Begin PBXSourcesBuildPhase section */
		D13CCAAC253A775E001C8223 /* Sources */ = {
			isa = PBXSourcesBuildPhase;
			buildActionMask = 2147483647;
			files = (
				D1B7ED81253E7064004EA8E1 /* Help.swift in Sources */,
				D13CCAB4253A775E001C8223 /* AppDelegate.swift in Sources */,
				D13CCAB6253A775E001C8223 /* SceneDelegate.swift in Sources */,
				D13B9A9C253BC90600577263 /* Logo.swift in Sources */,
				D13961FD253E8B8C005CE54D /* Data.swift in Sources */,
				D13B9A9E253BC9F600577263 /* playSound.swift in Sources */,
				D13CCAB8253A775E001C8223 /* ContentView.swift in Sources */,
				D166D150253BE1A100973E39 /* SwiftUIApp.swift in Sources */,
				D166D14B253BE04800973E39 /* DataManager.swift in Sources */,
				D1B7ED7F253E7026004EA8E1 /* About.swift in Sources */,
				D166D147253BE00900973E39 /* Screen.swift in Sources */,
			);
			runOnlyForDeploymentPostprocessing = 0;
		};
/* End PBXSourcesBuildPhase section */

/* Begin PBXVariantGroup section */
		D13CCABE253A7763001C8223 /* LaunchScreen.storyboard */ = {
			isa = PBXVariantGroup;
			children = (
				D13CCABF253A7763001C8223 /* Base */,
			);
			name = LaunchScreen.storyboard;
			sourceTree = "<group>";
		};
/* End PBXVariantGroup section */

/* Begin XCBuildConfiguration section */
		D13CCAC2253A7763001C8223 /* Debug */ = {
			isa = XCBuildConfiguration;
			buildSettings = {
				ALWAYS_SEARCH_USER_PATHS = NO;
				CLANG_ANALYZER_NONNULL = YES;
				CLANG_ANALYZER_NUMBER_OBJECT_CONVERSION = YES_AGGRESSIVE;
				CLANG_CXX_LANGUAGE_STANDARD = "gnu++14";
				CLANG_CXX_LIBRARY = "libc++";
				CLANG_ENABLE_MODULES = YES;
				CLANG_ENABLE_OBJC_ARC = YES;
				CLANG_ENABLE_OBJC_WEAK = YES;
				CLANG_WARN_BLOCK_CAPTURE_AUTORELEASING = YES;
				CLANG_WARN_BOOL_CONVERSION = YES;
				CLANG_WARN_COMMA = YES;
				CLANG_WARN_CONSTANT_CONVERSION = YES;
				CLANG_WARN_DEPRECATED_OBJC_IMPLEMENTATIONS = YES;
				CLANG_WARN_DIRECT_OBJC_ISA_USAGE = YES_ERROR;
				CLANG_WARN_DOCUMENTATION_COMMENTS = YES;
				CLANG_WARN_EMPTY_BODY = YES;
				CLANG_WARN_ENUM_CONVERSION = YES;
				CLANG_WARN_INFINITE_RECURSION = YES;
				CLANG_WARN_INT_CONVERSION = YES;
				CLANG_WARN_NON_LITERAL_NULL_CONVERSION = YES;
				CLANG_WARN_OBJC_IMPLICIT_RETAIN_SELF = YES;
				CLANG_WARN_OBJC_LITERAL_CONVERSION = YES;
				CLANG_WARN_OBJC_ROOT_CLASS = YES_ERROR;
				CLANG_WARN_RANGE_LOOP_ANALYSIS = YES;
				CLANG_WARN_STRICT_PROTOTYPES = YES;
				CLANG_WARN_SUSPICIOUS_MOVE = YES;
				CLANG_WARN_UNGUARDED_AVAILABILITY = YES_AGGRESSIVE;
				CLANG_WARN_UNREACHABLE_CODE = YES;
				CLANG_WARN__DUPLICATE_METHOD_MATCH = YES;
				COPY_PHASE_STRIP = NO;
				DEBUG_INFORMATION_FORMAT = dwarf;
				ENABLE_STRICT_OBJC_MSGSEND = YES;
				ENABLE_TESTABILITY = YES;
				GCC_C_LANGUAGE_STANDARD = gnu11;
				GCC_DYNAMIC_NO_PIC = NO;
				GCC_NO_COMMON_BLOCKS = YES;
				GCC_OPTIMIZATION_LEVEL = 0;
				GCC_PREPROCESSOR_DEFINITIONS = (
					"DEBUG=1",
					"$(inherited)",
				);
				GCC_WARN_64_TO_32_BIT_CONVERSION = YES;
				GCC_WARN_ABOUT_RETURN_TYPE = YES_ERROR;
				GCC_WARN_UNDECLARED_SELECTOR = YES;
				GCC_WARN_UNINITIALIZED_AUTOS = YES_AGGRESSIVE;
				GCC_WARN_UNUSED_FUNCTION = YES;
				GCC_WARN_UNUSED_VARIABLE = YES;
				IPHONEOS_DEPLOYMENT_TARGET = 13.6;
				MTL_ENABLE_DEBUG_INFO = INCLUDE_SOURCE;
				MTL_FAST_MATH = YES;
				ONLY_ACTIVE_ARCH = YES;
				SDKROOT = iphoneos;
				SWIFT_ACTIVE_COMPILATION_CONDITIONS = DEBUG;
				SWIFT_OPTIMIZATION_LEVEL = "-Onone";
			};
			name = Debug;
		};
		D13CCAC3253A7763001C8223 /* Release */ = {
			isa = XCBuildConfiguration;
			buildSettings = {
				ALWAYS_SEARCH_USER_PATHS = NO;
				CLANG_ANALYZER_NONNULL = YES;
				CLANG_ANALYZER_NUMBER_OBJECT_CONVERSION = YES_AGGRESSIVE;
				CLANG_CXX_LANGUAGE_STANDARD = "gnu++14";
				CLANG_CXX_LIBRARY = "libc++";
				CLANG_ENABLE_MODULES = YES;
				CLANG_ENABLE_OBJC_ARC = YES;
				CLANG_ENABLE_OBJC_WEAK = YES;
				CLANG_WARN_BLOCK_CAPTURE_AUTORELEASING = YES;
				CLANG_WARN_BOOL_CONVERSION = YES;
				CLANG_WARN_COMMA = YES;
				CLANG_WARN_CONSTANT_CONVERSION = YES;
				CLANG_WARN_DEPRECATED_OBJC_IMPLEMENTATIONS = YES;
				CLANG_WARN_DIRECT_OBJC_ISA_USAGE = YES_ERROR;
				CLANG_WARN_DOCUMENTATION_COMMENTS = YES;
				CLANG_WARN_EMPTY_BODY = YES;
				CLANG_WARN_ENUM_CONVERSION = YES;
				CLANG_WARN_INFINITE_RECURSION = YES;
				CLANG_WARN_INT_CONVERSION = YES;
				CLANG_WARN_NON_LITERAL_NULL_CONVERSION = YES;
				CLANG_WARN_OBJC_IMPLICIT_RETAIN_SELF = YES;
				CLANG_WARN_OBJC_LITERAL_CONVERSION = YES;
				CLANG_WARN_OBJC_ROOT_CLASS = YES_ERROR;
				CLANG_WARN_RANGE_LOOP_ANALYSIS = YES;
				CLANG_WARN_STRICT_PROTOTYPES = YES;
				CLANG_WARN_SUSPICIOUS_MOVE = YES;
				CLANG_WARN_UNGUARDED_AVAILABILITY = YES_AGGRESSIVE;
				CLANG_WARN_UNREACHABLE_CODE = YES;
				CLANG_WARN__DUPLICATE_METHOD_MATCH = YES;
				COPY_PHASE_STRIP = NO;
				DEBUG_INFORMATION_FORMAT = "dwarf-with-dsym";
				ENABLE_NS_ASSERTIONS = NO;
				ENABLE_STRICT_OBJC_MSGSEND = YES;
				GCC_C_LANGUAGE_STANDARD = gnu11;
				GCC_NO_COMMON_BLOCKS = YES;
				GCC_WARN_64_TO_32_BIT_CONVERSION = YES;
				GCC_WARN_ABOUT_RETURN_TYPE = YES_ERROR;
				GCC_WARN_UNDECLARED_SELECTOR = YES;
				GCC_WARN_UNINITIALIZED_AUTOS = YES_AGGRESSIVE;
				GCC_WARN_UNUSED_FUNCTION = YES;
				GCC_WARN_UNUSED_VARIABLE = YES;
				IPHONEOS_DEPLOYMENT_TARGET = 13.6;
				MTL_ENABLE_DEBUG_INFO = NO;
				MTL_FAST_MATH = YES;
				SDKROOT = iphoneos;
				SWIFT_COMPILATION_MODE = wholemodule;
				SWIFT_OPTIMIZATION_LEVEL = "-O";
				VALIDATE_PRODUCT = YES;
			};
			name = Release;
		};
		D13CCAC5253A7763001C8223 /* Debug */ = {
			isa = XCBuildConfiguration;
			buildSettings = {
				ASSETCATALOG_COMPILER_APPICON_NAME = AppIcon;
				CODE_SIGN_STYLE = Automatic;
				DEVELOPMENT_ASSET_PATHS = "\"GenE_rz/Preview Content\"";
				DEVELOPMENT_TEAM = L5NTA4846C;
				ENABLE_PREVIEWS = YES;
				INFOPLIST_FILE = GenE_rz/Info.plist;
				LD_RUNPATH_SEARCH_PATHS = (
					"$(inherited)",
					"@executable_path/Frameworks",
				);
				PRODUCT_BUNDLE_IDENTIFIER = "BIOT670.Gene-rz";
				PRODUCT_NAME = "$(TARGET_NAME)";
				SWIFT_VERSION = 5.0;
				TARGETED_DEVICE_FAMILY = "1,2";
			};
			name = Debug;
		};
		D13CCAC6253A7763001C8223 /* Release */ = {
			isa = XCBuildConfiguration;
			buildSettings = {
				ASSETCATALOG_COMPILER_APPICON_NAME = AppIcon;
				CODE_SIGN_STYLE = Automatic;
				DEVELOPMENT_ASSET_PATHS = "\"GenE_rz/Preview Content\"";
				DEVELOPMENT_TEAM = L5NTA4846C;
				ENABLE_PREVIEWS = YES;
				INFOPLIST_FILE = GenE_rz/Info.plist;
				LD_RUNPATH_SEARCH_PATHS = (
					"$(inherited)",
					"@executable_path/Frameworks",
				);
				PRODUCT_BUNDLE_IDENTIFIER = "BIOT670.Gene-rz";
				PRODUCT_NAME = "$(TARGET_NAME)";
				SWIFT_VERSION = 5.0;
				TARGETED_DEVICE_FAMILY = "1,2";
			};
			name = Release;
		};
/* End XCBuildConfiguration section */

/* Begin XCConfigurationList section */
		D13CCAAB253A775E001C8223 /* Build configuration list for PBXProject "GenE_rz" */ = {
			isa = XCConfigurationList;
			buildConfigurations = (
				D13CCAC2253A7763001C8223 /* Debug */,
				D13CCAC3253A7763001C8223 /* Release */,
			);
			defaultConfigurationIsVisible = 0;
			defaultConfigurationName = Release;
		};
		D13CCAC4253A7763001C8223 /* Build configuration list for PBXNativeTarget "GenE_rz" */ = {
			isa = XCConfigurationList;
			buildConfigurations = (
				D13CCAC5253A7763001C8223 /* Debug */,
				D13CCAC6253A7763001C8223 /* Release */,
			);
			defaultConfigurationIsVisible = 0;
			defaultConfigurationName = Release;
		};
/* End XCConfigurationList section */

/* Begin XCRemoteSwiftPackageReference section */
		D166D14C253BE0BB00973E39 /* XCRemoteSwiftPackageReference "XMLCoder" */ = {
			isa = XCRemoteSwiftPackageReference;
			repositoryURL = "https://github.com/MaxDesiatov/XMLCoder.git";
			requirement = {
				kind = upToNextMajorVersion;
				minimumVersion = 0.11.1;
			};
		};
/* End XCRemoteSwiftPackageReference section */

/* Begin XCSwiftPackageProductDependency section */
		D166D14D253BE0BB00973E39 /* XMLCoder */ = {
			isa = XCSwiftPackageProductDependency;
			package = D166D14C253BE0BB00973E39 /* XCRemoteSwiftPackageReference "XMLCoder" */;
			productName = XMLCoder;
		};
/* End XCSwiftPackageProductDependency section */
	};
	rootObject = D13CCAA8253A775E001C8223 /* Project object */;
}
